
Microsoft Visual Studio Solution File, Format Version 12.00
# Visual Studio 14
VisualStudioVersion = 14.0.25123.0
MinimumVisualStudioVersion = 10.0.40219.1
Project("{FAE04EC0-301F-11D3-BF4B-00C04F79EFBC}") = "Task1", "Task1\Task1.csproj", "{804A0D3E-3CFD-48D7-B749-33B10E730CCA}"
EndProject
Project("{FAE04EC0-301F-11D3-BF4B-00C04F79EFBC}") = "Task2", "Task2\Task2.csproj", "{F1C8C697-0097-45D9-98E5-5BDC5F73479C}"
EndProject
Project("{FAE04EC0-301F-11D3-BF4B-00C04F79EFBC}") = "Task2.Tests", "Task2.Tests\Task2.Tests.csproj", "{3C4841A2-E292-4870-B55B-5C83BF6834C1}"
EndProject
Project("{FAE04EC0-301F-11D3-BF4B-00C04F79EFBC}") = "Task3", "Task3\Task3.csproj", "{D868E0AE-97F0-47A4-AF19-877C9F6DBC90}"
EndProject
Project("{FAE04EC0-301F-11D3-BF4B-00C04F79EFBC}") = "Task3.Tests", "Task3.Tests\Task3.Tests.csproj", "{1D373501-DFAA-401A-B1E9-A6BBD37AE9CD}"
EndProject
Global
	GlobalSection(SolutionConfigurationPlatforms) = preSolution
		Debug|Any CPU = Debug|Any CPU
		Release|Any CPU = Release|Any CPU
	EndGlobalSection
	GlobalSection(ProjectConfigurationPlatforms) = postSolution
		{804A0D3E-3CFD-48D7-B749-33B10E730CCA}.Debug|Any CPU.ActiveCfg = Debug|Any CPU
		{804A0D3E-3CFD-48D7-B749-33B10E730CCA}.Debug|Any CPU.Build.0 = Debug|Any CPU
		{804A0D3E-3CFD-48D7-B749-33B10E730CCA}.Release|Any CPU.ActiveCfg = Release|Any CPU
		{804A0D3E-3CFD-48D7-B749-33B10E730CCA}.Release|Any CPU.Build.0 = Release|Any CPU
		{F1C8C697-0097-45D9-98E5-5BDC5F73479C}.Debug|Any CPU.ActiveCfg = Debug|Any CPU
		{F1C8C697-0097-45D9-98E5-5BDC5F73479C}.Debug|Any CPU.Build.0 = Debug|Any CPU
		{F1C8C697-0097-45D9-98E5-5BDC5F73479C}.Release|Any CPU.ActiveCfg = Release|Any CPU
		{F1C8C697-0097-45D9-98E5-5BDC5F73479C}.Release|Any CPU.Build.0 = Release|Any CPU
		{3C4841A2-E292-4870-B55B-5C83BF6834C1}.Debug|Any CPU.ActiveCfg = Debug|Any CPU
		{3C4841A2-E292-4870-B55B-5C83BF6834C1}.Debug|Any CPU.Build.0 = Debug|Any CPU
		{3C4841A2-E292-4870-B55B-5C83BF6834C1}.Release|Any CPU.ActiveCfg = Release|Any CPU
		{3C4841A2-E292-4870-B55B-5C83BF6834C1}.Release|Any CPU.Build.0 = Release|Any CPU
		{D868E0AE-97F0-47A4-AF19-877C9F6DBC90}.Debug|Any CPU.ActiveCfg = Debug|Any CPU
		{D868E0AE-97F0-47A4-AF19-877C9F6DBC90}.Debug|Any CPU.Build.0 = Debug|Any CPU
		{D868E0AE-97F0-47A4-AF19-877C9F6DBC90}.Release|Any CPU.ActiveCfg = Release|Any CPU
		{D868E0AE-97F0-47A4-AF19-877C9F6DBC90}.Release|Any CPU.Build.0 = Release|Any CPU
		{1D373501-DFAA-401A-B1E9-A6BBD37AE9CD}.Debug|Any CPU.ActiveCfg = Debug|Any CPU
		{1D373501-DFAA-401A-B1E9-A6BBD37AE9CD}.Debug|Any CPU.Build.0 = Debug|Any CPU
		{1D373501-DFAA-401A-B1E9-A6BBD37AE9CD}.Release|Any CPU.ActiveCfg = Release|Any CPU
		{1D373501-DFAA-401A-B1E9-A6BBD37AE9CD}.Release|Any CPU.Build.0 = Release|Any CPU
	EndGlobalSection
	GlobalSection(SolutionProperties) = preSolution
		HideSolutionNode = FALSE
	EndGlobalSection
EndGlobal
